// !$*UTF8*$!
{
	archiveVersion = 1;
	classes = {
	};
	objectVersion = 50;
	objects = {

/* Begin PBXBuildFile section */
		D8A1C98225EFF00D007D2FB1 /* AppDelegate.swift in Sources */ = {isa = PBXBuildFile; fileRef = D8A1C98125EFF00D007D2FB1 /* AppDelegate.swift */; };
		D8A1C98425EFF00D007D2FB1 /* SceneDelegate.swift in Sources */ = {isa = PBXBuildFile; fileRef = D8A1C98325EFF00D007D2FB1 /* SceneDelegate.swift */; };
		D8A1C98625EFF00D007D2FB1 /* ViewController.swift in Sources */ = {isa = PBXBuildFile; fileRef = D8A1C98525EFF00D007D2FB1 /* ViewController.swift */; };
		D8A1C98925EFF00D007D2FB1 /* Main.storyboard in Resources */ = {isa = PBXBuildFile; fileRef = D8A1C98725EFF00D007D2FB1 /* Main.storyboard */; };
		D8A1C98B25EFF00F007D2FB1 /* Assets.xcassets in Resources */ = {isa = PBXBuildFile; fileRef = D8A1C98A25EFF00F007D2FB1 /* Assets.xcassets */; };
		D8A1C98E25EFF00F007D2FB1 /* LaunchScreen.storyboard in Resources */ = {isa = PBXBuildFile; fileRef = D8A1C98C25EFF00F007D2FB1 /* LaunchScreen.storyboard */; };
		D8A1C99725EFF19A007D2FB1 /* secondViewController.swift in Sources */ = {isa = PBXBuildFile; fileRef = D8A1C99625EFF19A007D2FB1 /* secondViewController.swift */; };
/* End PBXBuildFile section */

/* Begin PBXFileReference section */
		D8A1C97E25EFF00D007D2FB1 /* lifeCircle.app */ = {isa = PBXFileReference; explicitFileType = wrapper.application; includeInIndex = 0; path = lifeCircle.app; sourceTree = BUILT_PRODUCTS_DIR; };
		D8A1C98125EFF00D007D2FB1 /* AppDelegate.swift */ = {isa = PBXFileReference; lastKnownFileType = sourcecode.swift; path = AppDelegate.swift; sourceTree = "<group>"; };
		D8A1C98325EFF00D007D2FB1 /* SceneDelegate.swift */ = {isa = PBXFileReference; lastKnownFileType = sourcecode.swift; path = SceneDelegate.swift; sourceTree = "<group>"; };
		D8A1C98525EFF00D007D2FB1 /* ViewController.swift */ = {isa = PBXFileReference; lastKnownFileType = sourcecode.swift; path = ViewController.swift; sourceTree = "<group>"; };
		D8A1C98825EFF00D007D2FB1 /* Base */ = {isa = PBXFileReference; lastKnownFileType = file.storyboard; name = Base; path = Base.lproj/Main.storyboard; sourceTree = "<group>"; };
		D8A1C98A25EFF00F007D2FB1 /* Assets.xcassets */ = {isa = PBXFileReference; lastKnownFileType = folder.assetcatalog; path = Assets.xcassets; sourceTree = "<group>"; };
		D8A1C98D25EFF00F007D2FB1 /* Base */ = {isa = PBXFileReference; lastKnownFileType = file.storyboard; name = Base; path = Base.lproj/LaunchScreen.storyboard; sourceTree = "<group>"; };
		D8A1C98F25EFF00F007D2FB1 /* Info.plist */ = {isa = PBXFileReference; lastKnownFileType = text.plist.xml; path = Info.plist; sourceTree = "<group>"; };
		D8A1C99625EFF19A007D2FB1 /* secondViewController.swift */ = {isa = PBXFileReference; lastKnownFileType = sourcecode.swift; path = secondViewController.swift; sourceTree = "<group>"; };
/* End PBXFileReference section */

/* Begin PBXFrameworksBuildPhase section */
		D8A1C97B25EFF00D007D2FB1 /* Frameworks */ = {
			isa = PBXFrameworksBuildPhase;
			buildActionMask = 2147483647;
			files = (
			);
			runOnlyForDeploymentPostprocessing = 0;
		};
/* End PBXFrameworksBuildPhase section */

/* Begin PBXGroup section */
		D8A1C97525EFF00D007D2FB1 = {
			isa = PBXGroup;
			children = (
				D8A1C98025EFF00D007D2FB1 /* lifeCircle */,
				D8A1C97F25EFF00D007D2FB1 /* Products */,
			);
			sourceTree = "<group>";
		};
		D8A1C97F25EFF00D007D2FB1 /* Products */ = {
			isa = PBXGroup;
			children = (
				D8A1C97E25EFF00D007D2FB1 /* lifeCircle.app */,
			);
			name = Products;
			sourceTree = "<group>";
		};
		D8A1C98025EFF00D007D2FB1 /* lifeCircle */ = {
			isa = PBXGroup;
			children = (
				D8A1C98125EFF00D007D2FB1 /* AppDelegate.swift */,
				D8A1C98325EFF00D007D2FB1 /* SceneDelegate.swift */,
				D8A1C98525EFF00D007D2FB1 /* ViewController.swift */,
				D8A1C99625EFF19A007D2FB1 /* secondViewController.swift */,
				D8A1C98725EFF00D007D2FB1 /* Main.storyboard */,
				D8A1C98A25EFF00F007D2FB1 /* Assets.xcassets */,
				D8A1C98C25EFF00F007D2FB1 /* LaunchScreen.storyboard */,
				D8A1C98F25EFF00F007D2FB1 /* Info.plist */,
			);
			path = lifeCircle;
			sourceTree = "<group>";
		};
/* End PBXGroup section */

/* Begin PBXNativeTarget section */
		D8A1C97D25EFF00D007D2FB1 /* lifeCircle */ = {
			isa = PBXNativeTarget;
			buildConfigurationList = D8A1C99225EFF00F007D2FB1 /* Build configuration list for PBXNativeTarget "lifeCircle" */;
			buildPhases = (
				D8A1C97A25EFF00D007D2FB1 /* Sources */,
				D8A1C97B25EFF00D007D2FB1 /* Frameworks */,
				D8A1C97C25EFF00D007D2FB1 /* Resources */,
			);
			buildRules = (
			);
			dependencies = (
			);
			name = lifeCircle;
			productName = lifeCircle;
			productReference = D8A1C97E25EFF00D007D2FB1 /* lifeCircle.app */;
			productType = "com.apple.product-type.application";
		};
/* End PBXNativeTarget section */

/* Begin PBXProject section */
		D8A1C97625EFF00D007D2FB1 /* Project object */ = {
			isa = PBXProject;
			attributes = {
				LastSwiftUpdateCheck = 1240;
				LastUpgradeCheck = 1240;
				TargetAttributes = {
					D8A1C97D25EFF00D007D2FB1 = {
						CreatedOnToolsVersion = 12.4;
					};
				};
			};
			buildConfigurationList = D8A1C97925EFF00D007D2FB1 /* Build configuration list for PBXProject "lifeCircle" */;
			compatibilityVersion = "Xcode 9.3";
			developmentRegion = en;
			hasScannedForEncodings = 0;
			knownRegions = (
				en,
				Base,
			);
			mainGroup = D8A1C97525EFF00D007D2FB1;
			productRefGroup = D8A1C97F25EFF00D007D2FB1 /* Products */;
			projectDirPath = "";
			projectRoot = "";
			targets = (
				D8A1C97D25EFF00D007D2FB1 /* lifeCircle */,
			);
		};
/* End PBXProject section */

/* Begin PBXResourcesBuildPhase section */
		D8A1C97C25EFF00D007D2FB1 /* Resources */ = {
			isa = PBXResourcesBuildPhase;
			buildActionMask = 2147483647;
			files = (
				D8A1C98E25EFF00F007D2FB1 /* LaunchScreen.storyboard in Resources */,
				D8A1C98B25EFF00F007D2FB1 /* Assets.xcassets in Resources */,
				D8A1C98925EFF00D007D2FB1 /* Main.storyboard in Resources */,
			);
			runOnlyForDeploymentPostprocessing = 0;
		};
/* End PBXResourcesBuildPhase section */

/* Begin PBXSourcesBuildPhase section */
		D8A1C97A25EFF00D007D2FB1 /* Sources */ = {
			isa = PBXSourcesBuildPhase;
			buildActionMask = 2147483647;
			files = (
				D8A1C99725EFF19A007D2FB1 /* secondViewController.swift in Sources */,
				D8A1C98625EFF00D007D2FB1 /* ViewController.swift in Sources */,
				D8A1C98225EFF00D007D2FB1 /* AppDelegate.swift in Sources */,
				D8A1C98425EFF00D007D2FB1 /* SceneDelegate.swift in Sources */,
			);
			runOnlyForDeploymentPostprocessing = 0;
		};
/* End PBXSourcesBuildPhase section */

/* Begin PBXVariantGroup section */
		D8A1C98725EFF00D007D2FB1 /* Main.storyboard */ = {
			isa = PBXVariantGroup;
			children = (
				D8A1C98825EFF00D007D2FB1 /* Base */,
			);
			name = Main.storyboard;
			sourceTree = "<group>";
		};
		D8A1C98C25EFF00F007D2FB1 /* LaunchScreen.storyboard */ = {
			isa = PBXVariantGroup;
			children = (
				D8A1C98D25EFF00F007D2FB1 /* Base */,
			);
			name = LaunchScreen.storyboard;
			sourceTree = "<group>";
		};
/* End PBXVariantGroup section */

/* Begin XCBuildConfiguration section */
		D8A1C99025EFF00F007D2FB1 /* Debug */ = {
			isa = XCBuildConfiguration;
			buildSettings = {
				ALWAYS_SEARCH_USER_PATHS = NO;
				CLANG_ANALYZER_NONNULL = YES;
				CLANG_ANALYZER_NUMBER_OBJECT_CONVERSION = YES_AGGRESSIVE;
				CLANG_CXX_LANGUAGE_STANDARD = "gnu++14";
				CLANG_CXX_LIBRARY = "libc++";
				CLANG_ENABLE_MODULES = YES;
				CLANG_ENABLE_OBJC_ARC = YES;
				CLANG_ENABLE_OBJC_WEAK = YES;
				CLANG_WARN_BLOCK_CAPTURE_AUTORELEASING = YES;
				CLANG_WARN_BOOL_CONVERSION = YES;
				CLANG_WARN_COMMA = YES;
				CLANG_WARN_CONSTANT_CONVERSION = YES;
				CLANG_WARN_DEPRECATED_OBJC_IMPLEMENTATIONS = YES;
				CLANG_WARN_DIRECT_OBJC_ISA_USAGE = YES_ERROR;
				CLANG_WARN_DOCUMENTATION_COMMENTS = YES;
				CLANG_WARN_EMPTY_BODY = YES;
				CLANG_WARN_ENUM_CONVERSION = YES;
				CLANG_WARN_INFINITE_RECURSION = YES;
				CLANG_WARN_INT_CONVERSION = YES;
				CLANG_WARN_NON_LITERAL_NULL_CONVERSION = YES;
				CLANG_WARN_OBJC_IMPLICIT_RETAIN_SELF = YES;
				CLANG_WARN_OBJC_LITERAL_CONVERSION = YES;
				CLANG_WARN_OBJC_ROOT_CLASS = YES_ERROR;
				CLANG_WARN_QUOTED_INCLUDE_IN_FRAMEWORK_HEADER = YES;
				CLANG_WARN_RANGE_LOOP_ANALYSIS = YES;
				CLANG_WARN_STRICT_PROTOTYPES = YES;
				CLANG_WARN_SUSPICIOUS_MOVE = YES;
				CLANG_WARN_UNGUARDED_AVAILABILITY = YES_AGGRESSIVE;
				CLANG_WARN_UNREACHABLE_CODE = YES;
				CLANG_WARN__DUPLICATE_METHOD_MATCH = YES;
				COPY_PHASE_STRIP = NO;
				DEBUG_INFORMATION_FORMAT = dwarf;
				ENABLE_STRICT_OBJC_MSGSEND = YES;
				ENABLE_TESTABILITY = YES;
				GCC_C_LANGUAGE_STANDARD = gnu11;
				GCC_DYNAMIC_NO_PIC = NO;
				GCC_NO_COMMON_BLOCKS = YES;
				GCC_OPTIMIZATION_LEVEL = 0;
				GCC_PREPROCESSOR_DEFINITIONS = (
					"DEBUG=1",
					"$(inherited)",
				);
				GCC_WARN_64_TO_32_BIT_CONVERSION = YES;
				GCC_WARN_ABOUT_RETURN_TYPE = YES_ERROR;
				GCC_WARN_UNDECLARED_SELECTOR = YES;
				GCC_WARN_UNINITIALIZED_AUTOS = YES_AGGRESSIVE;
				GCC_WARN_UNUSED_FUNCTION = YES;
				GCC_WARN_UNUSED_VARIABLE = YES;
				IPHONEOS_DEPLOYMENT_TARGET = 14.4;
				MTL_ENABLE_DEBUG_INFO = INCLUDE_SOURCE;
				MTL_FAST_MATH = YES;
				ONLY_ACTIVE_ARCH = YES;
				SDKROOT = iphoneos;
				SWIFT_ACTIVE_COMPILATION_CONDITIONS = DEBUG;
				SWIFT_OPTIMIZATION_LEVEL = "-Onone";
			};
			name = Debug;
		};
		D8A1C99125EFF00F007D2FB1 /* Release */ = {
			isa = XCBuildConfiguration;
			buildSettings = {
				ALWAYS_SEARCH_USER_PATHS = NO;
				CLANG_ANALYZER_NONNULL = YES;
				CLANG_ANALYZER_NUMBER_OBJECT_CONVERSION = YES_AGGRESSIVE;
				CLANG_CXX_LANGUAGE_STANDARD = "gnu++14";
				CLANG_CXX_LIBRARY = "libc++";
				CLANG_ENABLE_MODULES = YES;
				CLANG_ENABLE_OBJC_ARC = YES;
				CLANG_ENABLE_OBJC_WEAK = YES;
				CLANG_WARN_BLOCK_CAPTURE_AUTORELEASING = YES;
				CLANG_WARN_BOOL_CONVERSION = YES;
				CLANG_WARN_COMMA = YES;
				CLANG_WARN_CONSTANT_CONVERSION = YES;
				CLANG_WARN_DEPRECATED_OBJC_IMPLEMENTATIONS = YES;
				CLANG_WARN_DIRECT_OBJC_ISA_USAGE = YES_ERROR;
				CLANG_WARN_DOCUMENTATION_COMMENTS = YES;
				CLANG_WARN_EMPTY_BODY = YES;
				CLANG_WARN_ENUM_CONVERSION = YES;
				CLANG_WARN_INFINITE_RECURSION = YES;
				CLANG_WARN_INT_CONVERSION = YES;
				CLANG_WARN_NON_LITERAL_NULL_CONVERSION = YES;
				CLANG_WARN_OBJC_IMPLICIT_RETAIN_SELF = YES;
				CLANG_WARN_OBJC_LITERAL_CONVERSION = YES;
				CLANG_WARN_OBJC_ROOT_CLASS = YES_ERROR;
				CLANG_WARN_QUOTED_INCLUDE_IN_FRAMEWORK_HEADER = YES;
				CLANG_WARN_RANGE_LOOP_ANALYSIS = YES;
				CLANG_WARN_STRICT_PROTOTYPES = YES;
				CLANG_WARN_SUSPICIOUS_MOVE = YES;
				CLANG_WARN_UNGUARDED_AVAILABILITY = YES_AGGRESSIVE;
				CLANG_WARN_UNREACHABLE_CODE = YES;
				CLANG_WARN__DUPLICATE_METHOD_MATCH = YES;
				COPY_PHASE_STRIP = NO;
				DEBUG_INFORMATION_FORMAT = "dwarf-with-dsym";
				ENABLE_NS_ASSERTIONS = NO;
				ENABLE_STRICT_OBJC_MSGSEND = YES;
				GCC_C_LANGUAGE_STANDARD = gnu11;
				GCC_NO_COMMON_BLOCKS = YES;
				GCC_WARN_64_TO_32_BIT_CONVERSION = YES;
				GCC_WARN_ABOUT_RETURN_TYPE = YES_ERROR;
				GCC_WARN_UNDECLARED_SELECTOR = YES;
				GCC_WARN_UNINITIALIZED_AUTOS = YES_AGGRESSIVE;
				GCC_WARN_UNUSED_FUNCTION = YES;
				GCC_WARN_UNUSED_VARIABLE = YES;
				IPHONEOS_DEPLOYMENT_TARGET = 14.4;
				MTL_ENABLE_DEBUG_INFO = NO;
				MTL_FAST_MATH = YES;
				SDKROOT = iphoneos;
				SWIFT_COMPILATION_MODE = wholemodule;
				SWIFT_OPTIMIZATION_LEVEL = "-O";
				VALIDATE_PRODUCT = YES;
			};
			name = Release;
		};
		D8A1C99325EFF00F007D2FB1 /* Debug */ = {
			isa = XCBuildConfiguration;
			buildSettings = {
				ASSETCATALOG_COMPILER_APPICON_NAME = AppIcon;
				ASSETCATALOG_COMPILER_GLOBAL_ACCENT_COLOR_NAME = AccentColor;
				CODE_SIGN_STYLE = Automatic;
				DEVELOPMENT_TEAM = 3R3L9P3774;
				INFOPLIST_FILE = lifeCircle/Info.plist;
				LD_RUNPATH_SEARCH_PATHS = (
					"$(inherited)",
					"@executable_path/Frameworks",
				);
				PRODUCT_BUNDLE_IDENTIFIER = freitas.lifeCircle;
				PRODUCT_NAME = "$(TARGET_NAME)";
				SWIFT_VERSION = 5.0;
				TARGETED_DEVICE_FAMILY = "1,2";
			};
			name = Debug;
		};
		D8A1C99425EFF00F007D2FB1 /* Release */ = {
			isa = XCBuildConfiguration;
			buildSettings = {
				ASSETCATALOG_COMPILER_APPICON_NAME = AppIcon;
				ASSETCATALOG_COMPILER_GLOBAL_ACCENT_COLOR_NAME = AccentColor;
				CODE_SIGN_STYLE = Automatic;
				DEVELOPMENT_TEAM = 3R3L9P3774;
				INFOPLIST_FILE = lifeCircle/Info.plist;
				LD_RUNPATH_SEARCH_PATHS = (
					"$(inherited)",
					"@executable_path/Frameworks",
				);
				PRODUCT_BUNDLE_IDENTIFIER = freitas.lifeCircle;
				PRODUCT_NAME = "$(TARGET_NAME)";
				SWIFT_VERSION = 5.0;
				TARGETED_DEVICE_FAMILY = "1,2";
			};
			name = Release;
		};
/* End XCBuildConfiguration section */

/* Begin XCConfigurationList section */
		D8A1C97925EFF00D007D2FB1 /* Build configuration list for PBXProject "lifeCircle" */ = {
			isa = XCConfigurationList;
			buildConfigurations = (
				D8A1C99025EFF00F007D2FB1 /* Debug */,
				D8A1C99125EFF00F007D2FB1 /* Release */,
			);
			defaultConfigurationIsVisible = 0;
			defaultConfigurationName = Release;
		};
		D8A1C99225EFF00F007D2FB1 /* Build configuration list for PBXNativeTarget "lifeCircle" */ = {
			isa = XCConfigurationList;
			buildConfigurations = (
				D8A1C99325EFF00F007D2FB1 /* Debug */,
				D8A1C99425EFF00F007D2FB1 /* Release */,
			);
			defaultConfigurationIsVisible = 0;
			defaultConfigurationName = Release;
		};
/* End XCConfigurationList section */
	};
	rootObject = D8A1C97625EFF00D007D2FB1 /* Project object */;
}
